
Microsoft Visual Studio Solution File, Format Version 12.00
# Visual Studio 15
Project("{FAE04EC0-301F-11D3-BF4B-00C04F79EFBC}") = "Assembly-CSharp", "Assembly-CSharp.csproj", "{62BB7CD7-5EF1-5F42-C880-F02468DFE7C9}"
EndProject
Project("{FAE04EC0-301F-11D3-BF4B-00C04F79EFBC}") = "Assembly-CSharp-Editor", "Assembly-CSharp-Editor.csproj", "{8801BFB5-22D2-E139-1A91-275E2A399B0F}"
EndProject
Project("{FAE04EC0-301F-11D3-BF4B-00C04F79EFBC}") = "Sirenix.OdinInspector.Modules.UnityMathematics", "Sirenix.OdinInspector.Modules.UnityMathematics.csproj", "{4D5DFDE3-8853-A7FF-49A3-51344E17AFC6}"
EndProject
Global
	GlobalSection(SolutionConfigurationPlatforms) = preSolution
		Debug|Any CPU = Debug|Any CPU
		Release|Any CPU = Release|Any CPU
	EndGlobalSection
	GlobalSection(ProjectConfigurationPlatforms) = postSolution
		{62BB7CD7-5EF1-5F42-C880-F02468DFE7C9}.Debug|Any CPU.ActiveCfg = Debug|Any CPU
		{62BB7CD7-5EF1-5F42-C880-F02468DFE7C9}.Debug|Any CPU.Build.0 = Debug|Any CPU
		{62BB7CD7-5EF1-5F42-C880-F02468DFE7C9}.Release|Any CPU.ActiveCfg = Release|Any CPU
		{62BB7CD7-5EF1-5F42-C880-F02468DFE7C9}.Release|Any CPU.Build.0 = Release|Any CPU
		{8801BFB5-22D2-E139-1A91-275E2A399B0F}.Debug|Any CPU.ActiveCfg = Debug|Any CPU
		{8801BFB5-22D2-E139-1A91-275E2A399B0F}.Debug|Any CPU.Build.0 = Debug|Any CPU
		{8801BFB5-22D2-E139-1A91-275E2A399B0F}.Release|Any CPU.ActiveCfg = Release|Any CPU
		{8801BFB5-22D2-E139-1A91-275E2A399B0F}.Release|Any CPU.Build.0 = Release|Any CPU
		{4D5DFDE3-8853-A7FF-49A3-51344E17AFC6}.Debug|Any CPU.ActiveCfg = Debug|Any CPU
		{4D5DFDE3-8853-A7FF-49A3-51344E17AFC6}.Debug|Any CPU.Build.0 = Debug|Any CPU
		{4D5DFDE3-8853-A7FF-49A3-51344E17AFC6}.Release|Any CPU.ActiveCfg = Release|Any CPU
		{4D5DFDE3-8853-A7FF-49A3-51344E17AFC6}.Release|Any CPU.Build.0 = Release|Any CPU
	EndGlobalSection
	GlobalSection(SolutionProperties) = preSolution
		HideSolutionNode = FALSE
	EndGlobalSection
EndGlobal
